
Microsoft Visual Studio Solution File, Format Version 12.00
# Visual Studio 15
VisualStudioVersion = 15.0.28307.539
MinimumVisualStudioVersion = 10.0.40219.1
Project("{2150E333-8FDC-42A3-9474-1A3956D46DE8}") = "Api", "Api", "{56B00CBE-8A1A-491C-A37C-52DDCAE43872}"
EndProject
Project("{2150E333-8FDC-42A3-9474-1A3956D46DE8}") = "Business", "Business", "{D11562E5-E801-43A5-882C-E17D0D307C0E}"
EndProject
Project("{2150E333-8FDC-42A3-9474-1A3956D46DE8}") = "Integration", "Integration", "{3B52B8F8-D400-45B3-B217-B0C6BF0356B1}"
EndProject
Project("{2150E333-8FDC-42A3-9474-1A3956D46DE8}") = "Shared", "Shared", "{49EFCD1B-9C4D-4F8C-A62A-EE11BFF82EDB}"
EndProject
Project("{9A19103F-16F7-4668-BE54-9A1E7A4F7556}") = "Api.Shared", "Api.Shared\Api.Shared.csproj", "{5D31310C-1BC8-46E4-8540-AA3BB5D95F11}"
EndProject
Project("{9A19103F-16F7-4668-BE54-9A1E7A4F7556}") = "Business.Users", "Business.DotNetExercise\Business.Users.csproj", "{383D7375-A8FA-4ADB-ACA5-B27C12FD8BFA}"
EndProject
Project("{9A19103F-16F7-4668-BE54-9A1E7A4F7556}") = "Integration.DataInfraestructure", "Integration.DataInfraestructure\Integration.DataInfraestructure.csproj", "{7EC78894-B49C-4AEC-8CA4-B5C6E5BC6699}"
EndProject
Project("{9A19103F-16F7-4668-BE54-9A1E7A4F7556}") = "Shared.Log", "Shared.Log\Shared.Log.csproj", "{0E063A20-56EA-4683-9F82-7E8A167C0F98}"
EndProject
Project("{9A19103F-16F7-4668-BE54-9A1E7A4F7556}") = "Shared.Domain", "Shared.Domain\Shared.Domain.csproj", "{E79EF500-9FB9-48BE-AF12-DB7FEA43CDA2}"
EndProject
Project("{9A19103F-16F7-4668-BE54-9A1E7A4F7556}") = "Shared.ViewModel", "Shared.ViewModel\Shared.ViewModel.csproj", "{23A6FA31-6942-45EC-80F1-11EB99927D84}"
EndProject
Project("{9A19103F-16F7-4668-BE54-9A1E7A4F7556}") = "Api.Users", "Api.DotNetExercise\Api.Users.csproj", "{99D39E18-2076-445A-BC9B-4C4F387EB2D3}"
EndProject
Project("{9A19103F-16F7-4668-BE54-9A1E7A4F7556}") = "Shared.Mapping", "Shared.Mapping\Shared.Mapping.csproj", "{4B0E7D3F-AC1A-4EE0-9424-344411790AC9}"
EndProject
Project("{FAE04EC0-301F-11D3-BF4B-00C04F79EFBC}") = "Business.Users.Test", "Business.Users.Test\Business.Users.Test.csproj", "{6F93DCF3-AE98-49DC-A674-7B226E8C4420}"
EndProject
Global
	GlobalSection(SolutionConfigurationPlatforms) = preSolution
		Debug|Any CPU = Debug|Any CPU
		Release|Any CPU = Release|Any CPU
	EndGlobalSection
	GlobalSection(ProjectConfigurationPlatforms) = postSolution
		{5D31310C-1BC8-46E4-8540-AA3BB5D95F11}.Debug|Any CPU.ActiveCfg = Debug|Any CPU
		{5D31310C-1BC8-46E4-8540-AA3BB5D95F11}.Debug|Any CPU.Build.0 = Debug|Any CPU
		{5D31310C-1BC8-46E4-8540-AA3BB5D95F11}.Release|Any CPU.ActiveCfg = Release|Any CPU
		{5D31310C-1BC8-46E4-8540-AA3BB5D95F11}.Release|Any CPU.Build.0 = Release|Any CPU
		{383D7375-A8FA-4ADB-ACA5-B27C12FD8BFA}.Debug|Any CPU.ActiveCfg = Debug|Any CPU
		{383D7375-A8FA-4ADB-ACA5-B27C12FD8BFA}.Debug|Any CPU.Build.0 = Debug|Any CPU
		{383D7375-A8FA-4ADB-ACA5-B27C12FD8BFA}.Release|Any CPU.ActiveCfg = Release|Any CPU
		{383D7375-A8FA-4ADB-ACA5-B27C12FD8BFA}.Release|Any CPU.Build.0 = Release|Any CPU
		{7EC78894-B49C-4AEC-8CA4-B5C6E5BC6699}.Debug|Any CPU.ActiveCfg = Debug|Any CPU
		{7EC78894-B49C-4AEC-8CA4-B5C6E5BC6699}.Debug|Any CPU.Build.0 = Debug|Any CPU
		{7EC78894-B49C-4AEC-8CA4-B5C6E5BC6699}.Release|Any CPU.ActiveCfg = Release|Any CPU
		{7EC78894-B49C-4AEC-8CA4-B5C6E5BC6699}.Release|Any CPU.Build.0 = Release|Any CPU
		{0E063A20-56EA-4683-9F82-7E8A167C0F98}.Debug|Any CPU.ActiveCfg = Debug|Any CPU
		{0E063A20-56EA-4683-9F82-7E8A167C0F98}.Debug|Any CPU.Build.0 = Debug|Any CPU
		{0E063A20-56EA-4683-9F82-7E8A167C0F98}.Release|Any CPU.ActiveCfg = Release|Any CPU
		{0E063A20-56EA-4683-9F82-7E8A167C0F98}.Release|Any CPU.Build.0 = Release|Any CPU
		{E79EF500-9FB9-48BE-AF12-DB7FEA43CDA2}.Debug|Any CPU.ActiveCfg = Debug|Any CPU
		{E79EF500-9FB9-48BE-AF12-DB7FEA43CDA2}.Debug|Any CPU.Build.0 = Debug|Any CPU
		{E79EF500-9FB9-48BE-AF12-DB7FEA43CDA2}.Release|Any CPU.ActiveCfg = Release|Any CPU
		{E79EF500-9FB9-48BE-AF12-DB7FEA43CDA2}.Release|Any CPU.Build.0 = Release|Any CPU
		{23A6FA31-6942-45EC-80F1-11EB99927D84}.Debug|Any CPU.ActiveCfg = Debug|Any CPU
		{23A6FA31-6942-45EC-80F1-11EB99927D84}.Debug|Any CPU.Build.0 = Debug|Any CPU
		{23A6FA31-6942-45EC-80F1-11EB99927D84}.Release|Any CPU.ActiveCfg = Release|Any CPU
		{23A6FA31-6942-45EC-80F1-11EB99927D84}.Release|Any CPU.Build.0 = Release|Any CPU
		{99D39E18-2076-445A-BC9B-4C4F387EB2D3}.Debug|Any CPU.ActiveCfg = Debug|Any CPU
		{99D39E18-2076-445A-BC9B-4C4F387EB2D3}.Debug|Any CPU.Build.0 = Debug|Any CPU
		{99D39E18-2076-445A-BC9B-4C4F387EB2D3}.Release|Any CPU.ActiveCfg = Release|Any CPU
		{99D39E18-2076-445A-BC9B-4C4F387EB2D3}.Release|Any CPU.Build.0 = Release|Any CPU
		{4B0E7D3F-AC1A-4EE0-9424-344411790AC9}.Debug|Any CPU.ActiveCfg = Debug|Any CPU
		{4B0E7D3F-AC1A-4EE0-9424-344411790AC9}.Debug|Any CPU.Build.0 = Debug|Any CPU
		{4B0E7D3F-AC1A-4EE0-9424-344411790AC9}.Release|Any CPU.ActiveCfg = Release|Any CPU
		{4B0E7D3F-AC1A-4EE0-9424-344411790AC9}.Release|Any CPU.Build.0 = Release|Any CPU
		{6F93DCF3-AE98-49DC-A674-7B226E8C4420}.Debug|Any CPU.ActiveCfg = Debug|Any CPU
		{6F93DCF3-AE98-49DC-A674-7B226E8C4420}.Debug|Any CPU.Build.0 = Debug|Any CPU
		{6F93DCF3-AE98-49DC-A674-7B226E8C4420}.Release|Any CPU.ActiveCfg = Release|Any CPU
		{6F93DCF3-AE98-49DC-A674-7B226E8C4420}.Release|Any CPU.Build.0 = Release|Any CPU
	EndGlobalSection
	GlobalSection(SolutionProperties) = preSolution
		HideSolutionNode = FALSE
	EndGlobalSection
	GlobalSection(NestedProjects) = preSolution
		{5D31310C-1BC8-46E4-8540-AA3BB5D95F11} = {56B00CBE-8A1A-491C-A37C-52DDCAE43872}
		{383D7375-A8FA-4ADB-ACA5-B27C12FD8BFA} = {D11562E5-E801-43A5-882C-E17D0D307C0E}
		{7EC78894-B49C-4AEC-8CA4-B5C6E5BC6699} = {3B52B8F8-D400-45B3-B217-B0C6BF0356B1}
		{0E063A20-56EA-4683-9F82-7E8A167C0F98} = {49EFCD1B-9C4D-4F8C-A62A-EE11BFF82EDB}
		{E79EF500-9FB9-48BE-AF12-DB7FEA43CDA2} = {49EFCD1B-9C4D-4F8C-A62A-EE11BFF82EDB}
		{23A6FA31-6942-45EC-80F1-11EB99927D84} = {49EFCD1B-9C4D-4F8C-A62A-EE11BFF82EDB}
		{99D39E18-2076-445A-BC9B-4C4F387EB2D3} = {56B00CBE-8A1A-491C-A37C-52DDCAE43872}
		{4B0E7D3F-AC1A-4EE0-9424-344411790AC9} = {49EFCD1B-9C4D-4F8C-A62A-EE11BFF82EDB}
		{6F93DCF3-AE98-49DC-A674-7B226E8C4420} = {D11562E5-E801-43A5-882C-E17D0D307C0E}
	EndGlobalSection
	GlobalSection(ExtensibilityGlobals) = postSolution
		SolutionGuid = {CB3BD711-D41E-4551-96D5-E70EB1D1555B}
	EndGlobalSection
EndGlobal
